// !$*UTF8*$!
{
	archiveVersion = 1;
	classes = {
	};
	objectVersion = 46;
	objects = {

/* Begin PBXBuildFile section */
		8424184C1AFE72B500BAB4C6 /* Navigation.swift in Sources */ = {isa = PBXBuildFile; fileRef = 8424184B1AFE72B500BAB4C6 /* Navigation.swift */; };
		8424184F1AFE741E00BAB4C6 /* BuiltInTransitions.swift in Sources */ = {isa = PBXBuildFile; fileRef = 8424184E1AFE741E00BAB4C6 /* BuiltInTransitions.swift */; };
		842418511AFF488E00BAB4C6 /* GroupView.swift in Sources */ = {isa = PBXBuildFile; fileRef = 842418501AFF488E00BAB4C6 /* GroupView.swift */; };
		844507CD1B37539E00A08A78 /* TableViewAdapter.swift in Sources */ = {isa = PBXBuildFile; fileRef = 844507CC1B37539E00A08A78 /* TableViewAdapter.swift */; };
		844507CF1B37560900A08A78 /* TableViewSinglePartAdapter.swift in Sources */ = {isa = PBXBuildFile; fileRef = 844507CE1B37560900A08A78 /* TableViewSinglePartAdapter.swift */; };
		845E5DED1B2C5CFE00D44299 /* ObservableArray.swift in Sources */ = {isa = PBXBuildFile; fileRef = 845E5DEC1B2C5CFE00D44299 /* ObservableArray.swift */; };
		84619B941B2A0425000954CB /* NavigationGroupView.swift in Sources */ = {isa = PBXBuildFile; fileRef = 84619B931B2A0425000954CB /* NavigationGroupView.swift */; };
		846360DB1B568E5000D463BA /* ViewBindingManager.swift in Sources */ = {isa = PBXBuildFile; fileRef = 846360DA1B568E5000D463BA /* ViewBindingManager.swift */; };
		846360DD1B56A5FE00D463BA /* CellViewBindingManager.swift in Sources */ = {isa = PBXBuildFile; fileRef = 846360DC1B56A5FE00D463BA /* CellViewBindingManager.swift */; };
		847DAA191B369B6B008C4B83 /* TableViewDictionaryAdapter.swift in Sources */ = {isa = PBXBuildFile; fileRef = 847DAA181B369B6B008C4B83 /* TableViewDictionaryAdapter.swift */; };
		847DAA1B1B369BF5008C4B83 /* TableViewBaseAdapter.swift in Sources */ = {isa = PBXBuildFile; fileRef = 847DAA1A1B369BF5008C4B83 /* TableViewBaseAdapter.swift */; };
		848F46F51B554D37001AF84C /* LifetimeUtils.swift in Sources */ = {isa = PBXBuildFile; fileRef = 848F46F41B554D37001AF84C /* LifetimeUtils.swift */; };
		84915D1A1B581630008D5D73 /* ReactiveCocoa.framework in Frameworks */ = {isa = PBXBuildFile; fileRef = 84915D171B581630008D5D73 /* ReactiveCocoa.framework */; };
		84915D1B1B581630008D5D73 /* Result.framework in Frameworks */ = {isa = PBXBuildFile; fileRef = 84915D181B581630008D5D73 /* Result.framework */; };
		84A57FED1B34A921009A560E /* ObservableOrderedDictionary.swift in Sources */ = {isa = PBXBuildFile; fileRef = 84A57FEC1B34A921009A560E /* ObservableOrderedDictionary.swift */; };
		84A57FEF1B354F83009A560E /* ObservableCollection.swift in Sources */ = {isa = PBXBuildFile; fileRef = 84A57FEE1B354F83009A560E /* ObservableCollection.swift */; };
		84A57FF11B357F31009A560E /* MulticastEvent.swift in Sources */ = {isa = PBXBuildFile; fileRef = 84A57FF01B357F31009A560E /* MulticastEvent.swift */; };
		84C39D541B9351DF00C441A0 /* TestTypes.swift in Sources */ = {isa = PBXBuildFile; fileRef = 84C39D531B9351DF00C441A0 /* TestTypes.swift */; settings = {ASSET_TAGS = (); }; };
		84C847D41B8512F000E4EA92 /* ObservableOrderedDictionary.swift in Sources */ = {isa = PBXBuildFile; fileRef = 84A57FEC1B34A921009A560E /* ObservableOrderedDictionary.swift */; };
		84D0E5B51B807B1100D910D4 /* OrderedDictionaryTests.swift in Sources */ = {isa = PBXBuildFile; fileRef = 84D0E5B41B807B1100D910D4 /* OrderedDictionaryTests.swift */; };
		84D0E5B61B807B7C00D910D4 /* OrderedDictionary.swift in Sources */ = {isa = PBXBuildFile; fileRef = B6347C8F1AE78E2E00D70121 /* OrderedDictionary.swift */; };
		84D0E5B81B80F00000D910D4 /* CollectionWrapper.swift in Sources */ = {isa = PBXBuildFile; fileRef = 84D0E5B71B80F00000D910D4 /* CollectionWrapper.swift */; };
		84D0E5BC1B8111C800D910D4 /* CollectionWrapper.swift in Sources */ = {isa = PBXBuildFile; fileRef = 84D0E5B71B80F00000D910D4 /* CollectionWrapper.swift */; };
		84D0E5BD1B8111E800D910D4 /* ObservableCollection.swift in Sources */ = {isa = PBXBuildFile; fileRef = 84A57FEE1B354F83009A560E /* ObservableCollection.swift */; };
		84D0E5BE1B81125700D910D4 /* MulticastEvent.swift in Sources */ = {isa = PBXBuildFile; fileRef = 84A57FF01B357F31009A560E /* MulticastEvent.swift */; };
		84D0E5BF1B8112CF00D910D4 /* ObservableArray.swift in Sources */ = {isa = PBXBuildFile; fileRef = 845E5DEC1B2C5CFE00D44299 /* ObservableArray.swift */; };
		84E698F41B92E48400658A39 /* AnyViewForViewModel.swift in Sources */ = {isa = PBXBuildFile; fileRef = 84E698F31B92E48400658A39 /* AnyViewForViewModel.swift */; settings = {ASSET_TAGS = (); }; };
		84E698F61B930A0F00658A39 /* UniqueID.swift in Sources */ = {isa = PBXBuildFile; fileRef = 84E698F51B930A0F00658A39 /* UniqueID.swift */; settings = {ASSET_TAGS = (); }; };
		84E698FA1B93293400658A39 /* AnyViewModel.swift in Sources */ = {isa = PBXBuildFile; fileRef = 84E698F91B93293400658A39 /* AnyViewModel.swift */; settings = {ASSET_TAGS = (); }; };
		B60D98301AF2392C00262E3A /* ViewModel.swift in Sources */ = {isa = PBXBuildFile; fileRef = B60D982F1AF2392C00262E3A /* ViewModel.swift */; };
		B6347C601AE78B8300D70121 /* MVVMKit.h in Headers */ = {isa = PBXBuildFile; fileRef = B6347C5F1AE78B8300D70121 /* MVVMKit.h */; settings = {ATTRIBUTES = (Public, ); }; };
		B6347C661AE78B8300D70121 /* MVVMKit.framework in Frameworks */ = {isa = PBXBuildFile; fileRef = B6347C5A1AE78B8300D70121 /* MVVMKit.framework */; };
		B6347C6D1AE78B8300D70121 /* MVVMKitTests.swift in Sources */ = {isa = PBXBuildFile; fileRef = B6347C6C1AE78B8300D70121 /* MVVMKitTests.swift */; };
		B6347C7E1AE78C8700D70121 /* BuiltInGroupViews.swift in Sources */ = {isa = PBXBuildFile; fileRef = B6347C761AE78C8700D70121 /* BuiltInGroupViews.swift */; };
		B6347C851AE78C8700D70121 /* ViewForViewModel.swift in Sources */ = {isa = PBXBuildFile; fileRef = B6347C7D1AE78C8700D70121 /* ViewForViewModel.swift */; };
		B6347C921AE78E2E00D70121 /* OrderedDictionary.swift in Sources */ = {isa = PBXBuildFile; fileRef = B6347C8F1AE78E2E00D70121 /* OrderedDictionary.swift */; };
/* End PBXBuildFile section */

/* Begin PBXContainerItemProxy section */
		B6347C671AE78B8300D70121 /* PBXContainerItemProxy */ = {
			isa = PBXContainerItemProxy;
			containerPortal = B6347C511AE78B8300D70121 /* Project object */;
			proxyType = 1;
			remoteGlobalIDString = B6347C591AE78B8300D70121;
			remoteInfo = MVVMKit;
		};
/* End PBXContainerItemProxy section */

/* Begin PBXFileReference section */
		8424184B1AFE72B500BAB4C6 /* Navigation.swift */ = {isa = PBXFileReference; fileEncoding = 4; lastKnownFileType = sourcecode.swift; name = Navigation.swift; path = Navigation/Navigation.swift; sourceTree = "<group>"; };
		8424184E1AFE741E00BAB4C6 /* BuiltInTransitions.swift */ = {isa = PBXFileReference; fileEncoding = 4; lastKnownFileType = sourcecode.swift; name = BuiltInTransitions.swift; path = Navigation/BuiltInTransitions.swift; sourceTree = "<group>"; };
		842418501AFF488E00BAB4C6 /* GroupView.swift */ = {isa = PBXFileReference; fileEncoding = 4; lastKnownFileType = sourcecode.swift; path = GroupView.swift; sourceTree = "<group>"; };
		844507CC1B37539E00A08A78 /* TableViewAdapter.swift */ = {isa = PBXFileReference; fileEncoding = 4; lastKnownFileType = sourcecode.swift; name = TableViewAdapter.swift; path = DataBindings/Adapters/TableViewAdapter.swift; sourceTree = "<group>"; };
		844507CE1B37560900A08A78 /* TableViewSinglePartAdapter.swift */ = {isa = PBXFileReference; fileEncoding = 4; lastKnownFileType = sourcecode.swift; name = TableViewSinglePartAdapter.swift; path = DataBindings/Adapters/TableViewSinglePartAdapter.swift; sourceTree = "<group>"; };
		845E5DEC1B2C5CFE00D44299 /* ObservableArray.swift */ = {isa = PBXFileReference; fileEncoding = 4; lastKnownFileType = sourcecode.swift; name = ObservableArray.swift; path = DataBindings/ObservableCollections/ObservableArray.swift; sourceTree = "<group>"; };
		84619B931B2A0425000954CB /* NavigationGroupView.swift */ = {isa = PBXFileReference; fileEncoding = 4; lastKnownFileType = sourcecode.swift; name = NavigationGroupView.swift; path = BuiltInViews/NavigationGroupView.swift; sourceTree = "<group>"; };
		846360DA1B568E5000D463BA /* ViewBindingManager.swift */ = {isa = PBXFileReference; fileEncoding = 4; lastKnownFileType = sourcecode.swift; name = ViewBindingManager.swift; path = DataBindings/Adapters/Utils/ViewBindingManager.swift; sourceTree = "<group>"; };
		846360DC1B56A5FE00D463BA /* CellViewBindingManager.swift */ = {isa = PBXFileReference; fileEncoding = 4; lastKnownFileType = sourcecode.swift; name = CellViewBindingManager.swift; path = DataBindings/Adapters/Utils/CellViewBindingManager.swift; sourceTree = "<group>"; };
		847DAA181B369B6B008C4B83 /* TableViewDictionaryAdapter.swift */ = {isa = PBXFileReference; fileEncoding = 4; lastKnownFileType = sourcecode.swift; name = TableViewDictionaryAdapter.swift; path = DataBindings/Adapters/TableViewDictionaryAdapter.swift; sourceTree = "<group>"; };
		847DAA1A1B369BF5008C4B83 /* TableViewBaseAdapter.swift */ = {isa = PBXFileReference; fileEncoding = 4; lastKnownFileType = sourcecode.swift; name = TableViewBaseAdapter.swift; path = DataBindings/Adapters/TableViewBaseAdapter.swift; sourceTree = "<group>"; };
		848F46F41B554D37001AF84C /* LifetimeUtils.swift */ = {isa = PBXFileReference; fileEncoding = 4; lastKnownFileType = sourcecode.swift; path = LifetimeUtils.swift; sourceTree = "<group>"; };
		84915D171B581630008D5D73 /* ReactiveCocoa.framework */ = {isa = PBXFileReference; lastKnownFileType = wrapper.framework; name = ReactiveCocoa.framework; path = Carthage/Build/iOS/ReactiveCocoa.framework; sourceTree = "<group>"; };
		84915D181B581630008D5D73 /* Result.framework */ = {isa = PBXFileReference; lastKnownFileType = wrapper.framework; name = Result.framework; path = Carthage/Build/iOS/Result.framework; sourceTree = "<group>"; };
		84A57FEC1B34A921009A560E /* ObservableOrderedDictionary.swift */ = {isa = PBXFileReference; fileEncoding = 4; lastKnownFileType = sourcecode.swift; name = ObservableOrderedDictionary.swift; path = DataBindings/ObservableCollections/ObservableOrderedDictionary.swift; sourceTree = "<group>"; };
		84A57FEE1B354F83009A560E /* ObservableCollection.swift */ = {isa = PBXFileReference; fileEncoding = 4; lastKnownFileType = sourcecode.swift; name = ObservableCollection.swift; path = DataBindings/ObservableCollections/ObservableCollection.swift; sourceTree = "<group>"; };
		84A57FF01B357F31009A560E /* MulticastEvent.swift */ = {isa = PBXFileReference; fileEncoding = 4; lastKnownFileType = sourcecode.swift; path = MulticastEvent.swift; sourceTree = "<group>"; };
		84C39D531B9351DF00C441A0 /* TestTypes.swift */ = {isa = PBXFileReference; fileEncoding = 4; lastKnownFileType = sourcecode.swift; path = TestTypes.swift; sourceTree = "<group>"; };
		84D0E5B41B807B1100D910D4 /* OrderedDictionaryTests.swift */ = {isa = PBXFileReference; fileEncoding = 4; lastKnownFileType = sourcecode.swift; path = OrderedDictionaryTests.swift; sourceTree = "<group>"; };
		84D0E5B71B80F00000D910D4 /* CollectionWrapper.swift */ = {isa = PBXFileReference; fileEncoding = 4; lastKnownFileType = sourcecode.swift; name = CollectionWrapper.swift; path = DataBindings/CollectionWrapper.swift; sourceTree = "<group>"; };
		84E698F31B92E48400658A39 /* AnyViewForViewModel.swift */ = {isa = PBXFileReference; fileEncoding = 4; lastKnownFileType = sourcecode.swift; path = AnyViewForViewModel.swift; sourceTree = "<group>"; };
		84E698F51B930A0F00658A39 /* UniqueID.swift */ = {isa = PBXFileReference; fileEncoding = 4; lastKnownFileType = sourcecode.swift; path = UniqueID.swift; sourceTree = "<group>"; };
		84E698F91B93293400658A39 /* AnyViewModel.swift */ = {isa = PBXFileReference; fileEncoding = 4; lastKnownFileType = sourcecode.swift; path = AnyViewModel.swift; sourceTree = "<group>"; };
		B60D982F1AF2392C00262E3A /* ViewModel.swift */ = {isa = PBXFileReference; fileEncoding = 4; lastKnownFileType = sourcecode.swift; path = ViewModel.swift; sourceTree = "<group>"; };
		B6347C5A1AE78B8300D70121 /* MVVMKit.framework */ = {isa = PBXFileReference; explicitFileType = wrapper.framework; includeInIndex = 0; path = MVVMKit.framework; sourceTree = BUILT_PRODUCTS_DIR; };
		B6347C5E1AE78B8300D70121 /* Info.plist */ = {isa = PBXFileReference; lastKnownFileType = text.plist.xml; path = Info.plist; sourceTree = "<group>"; };
		B6347C5F1AE78B8300D70121 /* MVVMKit.h */ = {isa = PBXFileReference; lastKnownFileType = sourcecode.c.h; path = MVVMKit.h; sourceTree = "<group>"; };
		B6347C651AE78B8300D70121 /* MVVMKitTests.xctest */ = {isa = PBXFileReference; explicitFileType = wrapper.cfbundle; includeInIndex = 0; path = MVVMKitTests.xctest; sourceTree = BUILT_PRODUCTS_DIR; };
		B6347C6B1AE78B8300D70121 /* Info.plist */ = {isa = PBXFileReference; lastKnownFileType = text.plist.xml; path = Info.plist; sourceTree = "<group>"; };
		B6347C6C1AE78B8300D70121 /* MVVMKitTests.swift */ = {isa = PBXFileReference; lastKnownFileType = sourcecode.swift; path = MVVMKitTests.swift; sourceTree = "<group>"; };
		B6347C761AE78C8700D70121 /* BuiltInGroupViews.swift */ = {isa = PBXFileReference; fileEncoding = 4; lastKnownFileType = sourcecode.swift; name = BuiltInGroupViews.swift; path = BuiltInViews/BuiltInGroupViews.swift; sourceTree = "<group>"; };
		B6347C7D1AE78C8700D70121 /* ViewForViewModel.swift */ = {isa = PBXFileReference; fileEncoding = 4; lastKnownFileType = sourcecode.swift; path = ViewForViewModel.swift; sourceTree = "<group>"; };
		B6347C8F1AE78E2E00D70121 /* OrderedDictionary.swift */ = {isa = PBXFileReference; fileEncoding = 4; lastKnownFileType = sourcecode.swift; name = OrderedDictionary.swift; path = DataBindings/OrderedDictionary.swift; sourceTree = "<group>"; };
/* End PBXFileReference section */

/* Begin PBXFrameworksBuildPhase section */
		B6347C561AE78B8300D70121 /* Frameworks */ = {
			isa = PBXFrameworksBuildPhase;
			buildActionMask = 2147483647;
			files = (
				84915D1A1B581630008D5D73 /* ReactiveCocoa.framework in Frameworks */,
				84915D1B1B581630008D5D73 /* Result.framework in Frameworks */,
			);
			runOnlyForDeploymentPostprocessing = 0;
		};
		B6347C621AE78B8300D70121 /* Frameworks */ = {
			isa = PBXFrameworksBuildPhase;
			buildActionMask = 2147483647;
			files = (
				B6347C661AE78B8300D70121 /* MVVMKit.framework in Frameworks */,
			);
			runOnlyForDeploymentPostprocessing = 0;
		};
/* End PBXFrameworksBuildPhase section */

/* Begin PBXGroup section */
		845E5DEB1B2C5CD400D44299 /* ObservableCollections */ = {
			isa = PBXGroup;
			children = (
				845E5DEC1B2C5CFE00D44299 /* ObservableArray.swift */,
				84A57FEC1B34A921009A560E /* ObservableOrderedDictionary.swift */,
				84A57FEE1B354F83009A560E /* ObservableCollection.swift */,
			);
			name = ObservableCollections;
			sourceTree = "<group>";
		};
		845E5DF01B2C6A1900D44299 /* Adapters */ = {
			isa = PBXGroup;
			children = (
				84F1128F1B46F955001CCAED /* Utils */,
				847DAA1A1B369BF5008C4B83 /* TableViewBaseAdapter.swift */,
				844507CE1B37560900A08A78 /* TableViewSinglePartAdapter.swift */,
				844507CC1B37539E00A08A78 /* TableViewAdapter.swift */,
				847DAA181B369B6B008C4B83 /* TableViewDictionaryAdapter.swift */,
			);
			name = Adapters;
			sourceTree = "<group>";
		};
		84F1128C1B46F648001CCAED /* Core */ = {
			isa = PBXGroup;
			children = (
				B6347C7D1AE78C8700D70121 /* ViewForViewModel.swift */,
				B60D982F1AF2392C00262E3A /* ViewModel.swift */,
				842418501AFF488E00BAB4C6 /* GroupView.swift */,
				84E698F31B92E48400658A39 /* AnyViewForViewModel.swift */,
				84E698F91B93293400658A39 /* AnyViewModel.swift */,
			);
			path = Core;
			sourceTree = "<group>";
		};
		84F1128D1B46F732001CCAED /* BuiltInViews */ = {
			isa = PBXGroup;
			children = (
				B6347C761AE78C8700D70121 /* BuiltInGroupViews.swift */,
				84619B931B2A0425000954CB /* NavigationGroupView.swift */,
			);
			name = BuiltInViews;
			sourceTree = "<group>";
		};
		84F1128E1B46F811001CCAED /* DataBindings */ = {
			isa = PBXGroup;
			children = (
				845E5DEB1B2C5CD400D44299 /* ObservableCollections */,
				845E5DF01B2C6A1900D44299 /* Adapters */,
				B6347C8F1AE78E2E00D70121 /* OrderedDictionary.swift */,
				84D0E5B71B80F00000D910D4 /* CollectionWrapper.swift */,
			);
			name = DataBindings;
			sourceTree = "<group>";
		};
		84F1128F1B46F955001CCAED /* Utils */ = {
			isa = PBXGroup;
			children = (
				846360DA1B568E5000D463BA /* ViewBindingManager.swift */,
				846360DC1B56A5FE00D463BA /* CellViewBindingManager.swift */,
			);
			name = Utils;
			sourceTree = "<group>";
		};
		B6347C501AE78B8300D70121 = {
			isa = PBXGroup;
			children = (
				84915D171B581630008D5D73 /* ReactiveCocoa.framework */,
				84915D181B581630008D5D73 /* Result.framework */,
				B6347C5C1AE78B8300D70121 /* MVVMKit */,
				B6347C691AE78B8300D70121 /* MVVMKitTests */,
				B6347C5B1AE78B8300D70121 /* Products */,
			);
			sourceTree = "<group>";
		};
		B6347C5B1AE78B8300D70121 /* Products */ = {
			isa = PBXGroup;
			children = (
				B6347C5A1AE78B8300D70121 /* MVVMKit.framework */,
				B6347C651AE78B8300D70121 /* MVVMKitTests.xctest */,
			);
			name = Products;
			sourceTree = "<group>";
		};
		B6347C5C1AE78B8300D70121 /* MVVMKit */ = {
			isa = PBXGroup;
			children = (
				84F1128E1B46F811001CCAED /* DataBindings */,
				84F1128D1B46F732001CCAED /* BuiltInViews */,
				84F1128C1B46F648001CCAED /* Core */,
				B6347C8D1AE78E2100D70121 /* Utils */,
				B6347C861AE78C9600D70121 /* Navigation */,
				B6347C5F1AE78B8300D70121 /* MVVMKit.h */,
				B6347C5D1AE78B8300D70121 /* Supporting Files */,
			);
			path = MVVMKit;
			sourceTree = "<group>";
		};
		B6347C5D1AE78B8300D70121 /* Supporting Files */ = {
			isa = PBXGroup;
			children = (
				B6347C5E1AE78B8300D70121 /* Info.plist */,
			);
			name = "Supporting Files";
			sourceTree = "<group>";
		};
		B6347C691AE78B8300D70121 /* MVVMKitTests */ = {
			isa = PBXGroup;
			children = (
				B6347C6C1AE78B8300D70121 /* MVVMKitTests.swift */,
				84D0E5B41B807B1100D910D4 /* OrderedDictionaryTests.swift */,
				B6347C6A1AE78B8300D70121 /* Supporting Files */,
				84C39D531B9351DF00C441A0 /* TestTypes.swift */,
			);
			path = MVVMKitTests;
			sourceTree = "<group>";
		};
		B6347C6A1AE78B8300D70121 /* Supporting Files */ = {
			isa = PBXGroup;
			children = (
				B6347C6B1AE78B8300D70121 /* Info.plist */,
			);
			name = "Supporting Files";
			sourceTree = "<group>";
		};
		B6347C861AE78C9600D70121 /* Navigation */ = {
			isa = PBXGroup;
			children = (
				8424184B1AFE72B500BAB4C6 /* Navigation.swift */,
				8424184E1AFE741E00BAB4C6 /* BuiltInTransitions.swift */,
			);
			name = Navigation;
			sourceTree = "<group>";
		};
		B6347C8D1AE78E2100D70121 /* Utils */ = {
			isa = PBXGroup;
			children = (
				84A57FF01B357F31009A560E /* MulticastEvent.swift */,
				848F46F41B554D37001AF84C /* LifetimeUtils.swift */,
				84E698F51B930A0F00658A39 /* UniqueID.swift */,
			);
			path = Utils;
			sourceTree = "<group>";
		};
/* End PBXGroup section */

/* Begin PBXHeadersBuildPhase section */
		B6347C571AE78B8300D70121 /* Headers */ = {
			isa = PBXHeadersBuildPhase;
			buildActionMask = 2147483647;
			files = (
				B6347C601AE78B8300D70121 /* MVVMKit.h in Headers */,
			);
			runOnlyForDeploymentPostprocessing = 0;
		};
/* End PBXHeadersBuildPhase section */

/* Begin PBXNativeTarget section */
		B6347C591AE78B8300D70121 /* MVVMKit */ = {
			isa = PBXNativeTarget;
			buildConfigurationList = B6347C701AE78B8300D70121 /* Build configuration list for PBXNativeTarget "MVVMKit" */;
			buildPhases = (
				B6347C551AE78B8300D70121 /* Sources */,
				B6347C561AE78B8300D70121 /* Frameworks */,
				B6347C571AE78B8300D70121 /* Headers */,
				B6347C581AE78B8300D70121 /* Resources */,
			);
			buildRules = (
			);
			dependencies = (
			);
			name = MVVMKit;
			productName = MVVMKit;
			productReference = B6347C5A1AE78B8300D70121 /* MVVMKit.framework */;
			productType = "com.apple.product-type.framework";
		};
		B6347C641AE78B8300D70121 /* MVVMKitTests */ = {
			isa = PBXNativeTarget;
			buildConfigurationList = B6347C731AE78B8300D70121 /* Build configuration list for PBXNativeTarget "MVVMKitTests" */;
			buildPhases = (
				B6347C611AE78B8300D70121 /* Sources */,
				B6347C621AE78B8300D70121 /* Frameworks */,
				B6347C631AE78B8300D70121 /* Resources */,
			);
			buildRules = (
			);
			dependencies = (
				B6347C681AE78B8300D70121 /* PBXTargetDependency */,
			);
			name = MVVMKitTests;
			productName = MVVMKitTests;
			productReference = B6347C651AE78B8300D70121 /* MVVMKitTests.xctest */;
			productType = "com.apple.product-type.bundle.unit-test";
		};
/* End PBXNativeTarget section */

/* Begin PBXProject section */
		B6347C511AE78B8300D70121 /* Project object */ = {
			isa = PBXProject;
			attributes = {
				LastSwiftMigration = 0700;
				LastSwiftUpdateCheck = 0700;
				LastUpgradeCheck = 0700;
				ORGANIZATIONNAME = GitHub;
				TargetAttributes = {
					B6347C591AE78B8300D70121 = {
						CreatedOnToolsVersion = 6.3;
					};
					B6347C641AE78B8300D70121 = {
						CreatedOnToolsVersion = 6.3;
					};
				};
			};
			buildConfigurationList = B6347C541AE78B8300D70121 /* Build configuration list for PBXProject "MVVMKit" */;
			compatibilityVersion = "Xcode 3.2";
			developmentRegion = English;
			hasScannedForEncodings = 0;
			knownRegions = (
				en,
			);
			mainGroup = B6347C501AE78B8300D70121;
			productRefGroup = B6347C5B1AE78B8300D70121 /* Products */;
			projectDirPath = "";
			projectRoot = "";
			targets = (
				B6347C591AE78B8300D70121 /* MVVMKit */,
				B6347C641AE78B8300D70121 /* MVVMKitTests */,
			);
		};
/* End PBXProject section */

/* Begin PBXResourcesBuildPhase section */
		B6347C581AE78B8300D70121 /* Resources */ = {
			isa = PBXResourcesBuildPhase;
			buildActionMask = 2147483647;
			files = (
			);
			runOnlyForDeploymentPostprocessing = 0;
		};
		B6347C631AE78B8300D70121 /* Resources */ = {
			isa = PBXResourcesBuildPhase;
			buildActionMask = 2147483647;
			files = (
			);
			runOnlyForDeploymentPostprocessing = 0;
		};
/* End PBXResourcesBuildPhase section */

/* Begin PBXSourcesBuildPhase section */
		B6347C551AE78B8300D70121 /* Sources */ = {
			isa = PBXSourcesBuildPhase;
			buildActionMask = 2147483647;
			files = (
				844507CF1B37560900A08A78 /* TableViewSinglePartAdapter.swift in Sources */,
				B6347C7E1AE78C8700D70121 /* BuiltInGroupViews.swift in Sources */,
				842418511AFF488E00BAB4C6 /* GroupView.swift in Sources */,
				84619B941B2A0425000954CB /* NavigationGroupView.swift in Sources */,
				845E5DED1B2C5CFE00D44299 /* ObservableArray.swift in Sources */,
				B60D98301AF2392C00262E3A /* ViewModel.swift in Sources */,
				847DAA191B369B6B008C4B83 /* TableViewDictionaryAdapter.swift in Sources */,
				B6347C921AE78E2E00D70121 /* OrderedDictionary.swift in Sources */,
				848F46F51B554D37001AF84C /* LifetimeUtils.swift in Sources */,
				84D0E5B81B80F00000D910D4 /* CollectionWrapper.swift in Sources */,
				84E698F41B92E48400658A39 /* AnyViewForViewModel.swift in Sources */,
				8424184C1AFE72B500BAB4C6 /* Navigation.swift in Sources */,
				84A57FF11B357F31009A560E /* MulticastEvent.swift in Sources */,
				84A57FEF1B354F83009A560E /* ObservableCollection.swift in Sources */,
				8424184F1AFE741E00BAB4C6 /* BuiltInTransitions.swift in Sources */,
				84E698FA1B93293400658A39 /* AnyViewModel.swift in Sources */,
				844507CD1B37539E00A08A78 /* TableViewAdapter.swift in Sources */,
				846360DD1B56A5FE00D463BA /* CellViewBindingManager.swift in Sources */,
				84A57FED1B34A921009A560E /* ObservableOrderedDictionary.swift in Sources */,
				847DAA1B1B369BF5008C4B83 /* TableViewBaseAdapter.swift in Sources */,
				846360DB1B568E5000D463BA /* ViewBindingManager.swift in Sources */,
				84E698F61B930A0F00658A39 /* UniqueID.swift in Sources */,
				B6347C851AE78C8700D70121 /* ViewForViewModel.swift in Sources */,
			);
			runOnlyForDeploymentPostprocessing = 0;
		};
		B6347C611AE78B8300D70121 /* Sources */ = {
			isa = PBXSourcesBuildPhase;
			buildActionMask = 2147483647;
			files = (
				84C39D541B9351DF00C441A0 /* TestTypes.swift in Sources */,
				84D0E5B61B807B7C00D910D4 /* OrderedDictionary.swift in Sources */,
				84D0E5BE1B81125700D910D4 /* MulticastEvent.swift in Sources */,
				B6347C6D1AE78B8300D70121 /* MVVMKitTests.swift in Sources */,
				84D0E5B51B807B1100D910D4 /* OrderedDictionaryTests.swift in Sources */,
				84C847D41B8512F000E4EA92 /* ObservableOrderedDictionary.swift in Sources */,
				84D0E5BF1B8112CF00D910D4 /* ObservableArray.swift in Sources */,
				84D0E5BD1B8111E800D910D4 /* ObservableCollection.swift in Sources */,
				84D0E5BC1B8111C800D910D4 /* CollectionWrapper.swift in Sources */,
			);
			runOnlyForDeploymentPostprocessing = 0;
		};
/* End PBXSourcesBuildPhase section */

/* Begin PBXTargetDependency section */
		B6347C681AE78B8300D70121 /* PBXTargetDependency */ = {
			isa = PBXTargetDependency;
			target = B6347C591AE78B8300D70121 /* MVVMKit */;
			targetProxy = B6347C671AE78B8300D70121 /* PBXContainerItemProxy */;
		};
/* End PBXTargetDependency section */

/* Begin XCBuildConfiguration section */
		B6347C6E1AE78B8300D70121 /* Debug */ = {
			isa = XCBuildConfiguration;
			buildSettings = {
				ALWAYS_SEARCH_USER_PATHS = NO;
				CLANG_CXX_LANGUAGE_STANDARD = "gnu++0x";
				CLANG_CXX_LIBRARY = "libc++";
				CLANG_ENABLE_MODULES = YES;
				CLANG_ENABLE_OBJC_ARC = YES;
				CLANG_WARN_BOOL_CONVERSION = YES;
				CLANG_WARN_CONSTANT_CONVERSION = YES;
				CLANG_WARN_DIRECT_OBJC_ISA_USAGE = YES_ERROR;
				CLANG_WARN_EMPTY_BODY = YES;
				CLANG_WARN_ENUM_CONVERSION = YES;
				CLANG_WARN_INT_CONVERSION = YES;
				CLANG_WARN_OBJC_ROOT_CLASS = YES_ERROR;
				CLANG_WARN_UNREACHABLE_CODE = YES;
				CLANG_WARN__DUPLICATE_METHOD_MATCH = YES;
				"CODE_SIGN_IDENTITY[sdk=iphoneos*]" = "iPhone Developer";
				COPY_PHASE_STRIP = NO;
				CURRENT_PROJECT_VERSION = 1;
				DEBUG_INFORMATION_FORMAT = "dwarf-with-dsym";
				ENABLE_STRICT_OBJC_MSGSEND = YES;
				ENABLE_TESTABILITY = YES;
				GCC_C_LANGUAGE_STANDARD = gnu99;
				GCC_DYNAMIC_NO_PIC = NO;
				GCC_NO_COMMON_BLOCKS = YES;
				GCC_OPTIMIZATION_LEVEL = 0;
				GCC_PREPROCESSOR_DEFINITIONS = (
					"DEBUG=1",
					"$(inherited)",
				);
				GCC_SYMBOLS_PRIVATE_EXTERN = NO;
				GCC_WARN_64_TO_32_BIT_CONVERSION = YES;
				GCC_WARN_ABOUT_RETURN_TYPE = YES_ERROR;
				GCC_WARN_UNDECLARED_SELECTOR = YES;
				GCC_WARN_UNINITIALIZED_AUTOS = YES_AGGRESSIVE;
				GCC_WARN_UNUSED_FUNCTION = YES;
				GCC_WARN_UNUSED_VARIABLE = YES;
				IPHONEOS_DEPLOYMENT_TARGET = 8.3;
				MTL_ENABLE_DEBUG_INFO = YES;
				ONLY_ACTIVE_ARCH = YES;
				SDKROOT = iphoneos;
				SWIFT_OPTIMIZATION_LEVEL = "-Onone";
				TARGETED_DEVICE_FAMILY = "1,2";
				VERSIONING_SYSTEM = "apple-generic";
				VERSION_INFO_PREFIX = "";
			};
			name = Debug;
		};
		B6347C6F1AE78B8300D70121 /* Release */ = {
			isa = XCBuildConfiguration;
			buildSettings = {
				ALWAYS_SEARCH_USER_PATHS = NO;
				CLANG_CXX_LANGUAGE_STANDARD = "gnu++0x";
				CLANG_CXX_LIBRARY = "libc++";
				CLANG_ENABLE_MODULES = YES;
				CLANG_ENABLE_OBJC_ARC = YES;
				CLANG_WARN_BOOL_CONVERSION = YES;
				CLANG_WARN_CONSTANT_CONVERSION = YES;
				CLANG_WARN_DIRECT_OBJC_ISA_USAGE = YES_ERROR;
				CLANG_WARN_EMPTY_BODY = YES;
				CLANG_WARN_ENUM_CONVERSION = YES;
				CLANG_WARN_INT_CONVERSION = YES;
				CLANG_WARN_OBJC_ROOT_CLASS = YES_ERROR;
				CLANG_WARN_UNREACHABLE_CODE = YES;
				CLANG_WARN__DUPLICATE_METHOD_MATCH = YES;
				"CODE_SIGN_IDENTITY[sdk=iphoneos*]" = "iPhone Developer";
				COPY_PHASE_STRIP = NO;
				CURRENT_PROJECT_VERSION = 1;
				DEBUG_INFORMATION_FORMAT = "dwarf-with-dsym";
				ENABLE_NS_ASSERTIONS = NO;
				ENABLE_STRICT_OBJC_MSGSEND = YES;
				GCC_C_LANGUAGE_STANDARD = gnu99;
				GCC_NO_COMMON_BLOCKS = YES;
				GCC_WARN_64_TO_32_BIT_CONVERSION = YES;
				GCC_WARN_ABOUT_RETURN_TYPE = YES_ERROR;
				GCC_WARN_UNDECLARED_SELECTOR = YES;
				GCC_WARN_UNINITIALIZED_AUTOS = YES_AGGRESSIVE;
				GCC_WARN_UNUSED_FUNCTION = YES;
				GCC_WARN_UNUSED_VARIABLE = YES;
				IPHONEOS_DEPLOYMENT_TARGET = 8.3;
				MTL_ENABLE_DEBUG_INFO = NO;
				SDKROOT = iphoneos;
				TARGETED_DEVICE_FAMILY = "1,2";
				VALIDATE_PRODUCT = YES;
				VERSIONING_SYSTEM = "apple-generic";
				VERSION_INFO_PREFIX = "";
			};
			name = Release;
		};
		B6347C711AE78B8300D70121 /* Debug */ = {
			isa = XCBuildConfiguration;
			buildSettings = {
				APPLICATION_EXTENSION_API_ONLY = NO;
				CLANG_ENABLE_MODULES = YES;
				DEFINES_MODULE = YES;
				DYLIB_COMPATIBILITY_VERSION = 1;
				DYLIB_CURRENT_VERSION = 1;
				DYLIB_INSTALL_NAME_BASE = "@rpath";
				FRAMEWORK_SEARCH_PATHS = "$(inherited)";
				INFOPLIST_FILE = MVVMKit/Info.plist;
				INSTALL_PATH = "$(LOCAL_LIBRARY_DIR)/Frameworks";
				IPHONEOS_DEPLOYMENT_TARGET = 8.0;
				LD_RUNPATH_SEARCH_PATHS = "$(inherited) @executable_path/Frameworks @loader_path/Frameworks";
				PRODUCT_BUNDLE_IDENTIFIER = "org.hemet.$(PRODUCT_NAME:rfc1034identifier)";
				PRODUCT_NAME = "$(TARGET_NAME)";
				SKIP_INSTALL = YES;
				SWIFT_INSTALL_OBJC_HEADER = YES;
				SWIFT_OBJC_BRIDGING_HEADER = "";
				SWIFT_OPTIMIZATION_LEVEL = "-Onone";
			};
			name = Debug;
		};
		B6347C721AE78B8300D70121 /* Release */ = {
			isa = XCBuildConfiguration;
			buildSettings = {
				APPLICATION_EXTENSION_API_ONLY = NO;
				CLANG_ENABLE_MODULES = YES;
				DEFINES_MODULE = YES;
				DYLIB_COMPATIBILITY_VERSION = 1;
				DYLIB_CURRENT_VERSION = 1;
				DYLIB_INSTALL_NAME_BASE = "@rpath";
				FRAMEWORK_SEARCH_PATHS = "$(inherited)";
				INFOPLIST_FILE = MVVMKit/Info.plist;
				INSTALL_PATH = "$(LOCAL_LIBRARY_DIR)/Frameworks";
				IPHONEOS_DEPLOYMENT_TARGET = 8.0;
				LD_RUNPATH_SEARCH_PATHS = "$(inherited) @executable_path/Frameworks @loader_path/Frameworks";
				PRODUCT_BUNDLE_IDENTIFIER = "org.hemet.$(PRODUCT_NAME:rfc1034identifier)";
				PRODUCT_NAME = "$(TARGET_NAME)";
				SKIP_INSTALL = YES;
				SWIFT_INSTALL_OBJC_HEADER = YES;
				SWIFT_OBJC_BRIDGING_HEADER = "";
			};
			name = Release;
		};
		B6347C741AE78B8300D70121 /* Debug */ = {
			isa = XCBuildConfiguration;
			buildSettings = {
				FRAMEWORK_SEARCH_PATHS = (
					"$(SDKROOT)/Developer/Library/Frameworks",
					"$(inherited)",
				);
				GCC_PREPROCESSOR_DEFINITIONS = (
					"DEBUG=1",
					"$(inherited)",
				);
				INFOPLIST_FILE = MVVMKitTests/Info.plist;
				LD_RUNPATH_SEARCH_PATHS = "$(inherited) @executable_path/Frameworks @loader_path/Frameworks";
				PRODUCT_BUNDLE_IDENTIFIER = "com.github.$(PRODUCT_NAME:rfc1034identifier)";
				PRODUCT_NAME = "$(TARGET_NAME)";
			};
			name = Debug;
		};
		B6347C751AE78B8300D70121 /* Release */ = {
			isa = XCBuildConfiguration;
			buildSettings = {
				FRAMEWORK_SEARCH_PATHS = (
					"$(SDKROOT)/Developer/Library/Frameworks",
					"$(inherited)",
				);
				INFOPLIST_FILE = MVVMKitTests/Info.plist;
				LD_RUNPATH_SEARCH_PATHS = "$(inherited) @executable_path/Frameworks @loader_path/Frameworks";
				PRODUCT_BUNDLE_IDENTIFIER = "com.github.$(PRODUCT_NAME:rfc1034identifier)";
				PRODUCT_NAME = "$(TARGET_NAME)";
			};
			name = Release;
		};
/* End XCBuildConfiguration section */

/* Begin XCConfigurationList section */
		B6347C541AE78B8300D70121 /* Build configuration list for PBXProject "MVVMKit" */ = {
			isa = XCConfigurationList;
			buildConfigurations = (
				B6347C6E1AE78B8300D70121 /* Debug */,
				B6347C6F1AE78B8300D70121 /* Release */,
			);
			defaultConfigurationIsVisible = 0;
			defaultConfigurationName = Release;
		};
		B6347C701AE78B8300D70121 /* Build configuration list for PBXNativeTarget "MVVMKit" */ = {
			isa = XCConfigurationList;
			buildConfigurations = (
				B6347C711AE78B8300D70121 /* Debug */,
				B6347C721AE78B8300D70121 /* Release */,
			);
			defaultConfigurationIsVisible = 0;
			defaultConfigurationName = Release;
		};
		B6347C731AE78B8300D70121 /* Build configuration list for PBXNativeTarget "MVVMKitTests" */ = {
			isa = XCConfigurationList;
			buildConfigurations = (
				B6347C741AE78B8300D70121 /* Debug */,
				B6347C751AE78B8300D70121 /* Release */,
			);
			defaultConfigurationIsVisible = 0;
			defaultConfigurationName = Release;
		};
/* End XCConfigurationList section */
	};
	rootObject = B6347C511AE78B8300D70121 /* Project object */;
}
